lockfileVersion: '6.0'

settings:
  autoInstallPeers: true
  excludeLinksFromLockfile: false

dependencies:
  mhtml-stream:
    specifier: ^1.0.4
    version: 1.0.4

devDependencies:
  '@types/node':
    specifier: ^20.5.7
    version: 20.5.7

packages:

  /@types/node@20.5.7:
    resolution: {integrity: sha512-dP7f3LdZIysZnmvP3ANJYTSwg+wLLl8p7RqniVlV7j+oXSXAbt9h0WIBFmJy5inWZoX9wZN6eXx+YXd9Rh3RBA==}
    dev: true

  /base64-js@1.5.1:
    resolution: {integrity: sha512-AKpaYlHn8t4SVbOHCy+b5+KKgvR4vrsD8vbvrbiQJps7fKDTkjkDry6ji0rUJjC0kzbNePLwzxq8iypo41qeWA==}
    dev: false

  /mhtml-stream@1.0.4:
    resolution: {integrity: sha512-ZuN2hImcASI8lvaT2c7BTXYxCUKyeEc/Cc/YYHK0bLv3VUJVDdXl6/HdzZxexecAQQ29zn6cpMkscYEok8LBzg==}
    dependencies:
      base64-js: 1.5.1
    dev: false
